PODS:
  - Bolts (1.1.4)
  - Facebook-iOS-SDK (4.0):
    - Bolts (~> 1.0)
    - Facebook-iOS-SDK/CoreKit (= 4.0)
    - Facebook-iOS-SDK/LoginKit (= 4.0)
    - Facebook-iOS-SDK/ShareKit (= 4.0)
  - Facebook-iOS-SDK/CoreKit (4.0):
    - Bolts (~> 1.0)
    - Facebook-iOS-SDK/CoreKit/no-arc (= 4.0)
  - Facebook-iOS-SDK/CoreKit/no-arc (4.0):
    - Bolts (~> 1.0)
  - Facebook-iOS-SDK/LoginKit (4.0):
    - Bolts (~> 1.0)
    - Facebook-iOS-SDK/CoreKit
  - Facebook-iOS-SDK/ShareKit (4.0):
    - Bolts (~> 1.0)
    - Facebook-iOS-SDK/CoreKit
  - JSQMessagesViewController (7.0.0):
    - JSQSystemSoundPlayer (~> 2.0.1)
  - JSQSystemSoundPlayer (2.0.1)

DEPENDENCIES:
  - Facebook-iOS-SDK
  - JSQMessagesViewController

SPEC CHECKSUMS:
  Bolts: dd9fb8433d67f5acc3b6b4d1379bbc5513d716c1
  Facebook-iOS-SDK: 523ee69fdd3c37cdca6578c79912f47943035806
  JSQMessagesViewController: 9fd7e9ac96e9fc91f2deca86928e2cc916aeebaa
  JSQSystemSoundPlayer: 55528c699a283aae2220d3ae7b8b527d2ecef4b4

COCOAPODS: 0.36.0
